// !$*UTF8*$!
{
	archiveVersion = 1;
	classes = {
	};
	objectVersion = 46;
	objects = {

/* Begin PBXBuildFile section */
		1F06F7BB1AFB5A7000961895 /* MBProgressHUD.m in Sources */ = {isa = PBXBuildFile; fileRef = 1F06F7BA1AFB5A7000961895 /* MBProgressHUD.m */; };
		1F164FEC1AF76679005FDA1F /* LoginViewController.m in Sources */ = {isa = PBXBuildFile; fileRef = 1F164FEB1AF76679005FDA1F /* LoginViewController.m */; };
		1FF3EC691B0044AD00F46E0B /* RegisterViewController.m in Sources */ = {isa = PBXBuildFile; fileRef = 1FF3EC681B0044AD00F46E0B /* RegisterViewController.m */; };
		1FFBA7831B01DEB800B6511F /* UserAgent.m in Sources */ = {isa = PBXBuildFile; fileRef = 1FFBA7821B01DEB800B6511F /* UserAgent.m */; };
		1FFBA7861B01E1C700B6511F /* PostSubjectViewController.m in Sources */ = {isa = PBXBuildFile; fileRef = 1FFBA7851B01E1C700B6511F /* PostSubjectViewController.m */; };
		351261EC1AD3E949007EED51 /* WebViewController.m in Sources */ = {isa = PBXBuildFile; fileRef = 351261EB1AD3E949007EED51 /* WebViewController.m */; };
		3512629E1AD61407007EED51 /* tab_bg.png in Resources */ = {isa = PBXBuildFile; fileRef = 351262871AD61407007EED51 /* tab_bg.png */; };
		3512629F1AD61407007EED51 /* tab_bg@2x.png in Resources */ = {isa = PBXBuildFile; fileRef = 351262881AD61407007EED51 /* tab_bg@2x.png */; };
		351262A01AD61407007EED51 /* tab_home.png in Resources */ = {isa = PBXBuildFile; fileRef = 351262891AD61407007EED51 /* tab_home.png */; };
		351262A11AD61407007EED51 /* tab_home@2x.png in Resources */ = {isa = PBXBuildFile; fileRef = 3512628A1AD61407007EED51 /* tab_home@2x.png */; };
		351262A21AD61407007EED51 /* tab_home_pre.png in Resources */ = {isa = PBXBuildFile; fileRef = 3512628B1AD61407007EED51 /* tab_home_pre.png */; };
		351262A31AD61407007EED51 /* tab_home_pre@2x.png in Resources */ = {isa = PBXBuildFile; fileRef = 3512628C1AD61407007EED51 /* tab_home_pre@2x.png */; };
		351262A41AD61407007EED51 /* tab_lebo.png in Resources */ = {isa = PBXBuildFile; fileRef = 3512628D1AD61407007EED51 /* tab_lebo.png */; };
		351262A51AD61407007EED51 /* tab_lebo@2x.png in Resources */ = {isa = PBXBuildFile; fileRef = 3512628E1AD61407007EED51 /* tab_lebo@2x.png */; };
		351262A61AD61407007EED51 /* tab_lebo_pre.png in Resources */ = {isa = PBXBuildFile; fileRef = 3512628F1AD61407007EED51 /* tab_lebo_pre.png */; };
		351262A71AD61407007EED51 /* tab_lebo_pre@2x.png in Resources */ = {isa = PBXBuildFile; fileRef = 351262901AD61407007EED51 /* tab_lebo_pre@2x.png */; };
		351262A81AD61407007EED51 /* tab_set.png in Resources */ = {isa = PBXBuildFile; fileRef = 351262911AD61407007EED51 /* tab_set.png */; };
		351262A91AD61407007EED51 /* tab_set@2x.png in Resources */ = {isa = PBXBuildFile; fileRef = 351262921AD61407007EED51 /* tab_set@2x.png */; };
		351262AA1AD61407007EED51 /* tab_set_pre.png in Resources */ = {isa = PBXBuildFile; fileRef = 351262931AD61407007EED51 /* tab_set_pre.png */; };
		351262AB1AD61407007EED51 /* tab_set_pre@2x.png in Resources */ = {isa = PBXBuildFile; fileRef = 351262941AD61407007EED51 /* tab_set_pre@2x.png */; };
		351262AC1AD61407007EED51 /* tab_shop.png in Resources */ = {isa = PBXBuildFile; fileRef = 351262951AD61407007EED51 /* tab_shop.png */; };
		351262AD1AD61407007EED51 /* tab_shop@2x.png in Resources */ = {isa = PBXBuildFile; fileRef = 351262961AD61407007EED51 /* tab_shop@2x.png */; };
		351262AE1AD61407007EED51 /* tab_shop_pre.png in Resources */ = {isa = PBXBuildFile; fileRef = 351262971AD61407007EED51 /* tab_shop_pre.png */; };
		351262AF1AD61407007EED51 /* tab_shop_pre@2x.png in Resources */ = {isa = PBXBuildFile; fileRef = 351262981AD61407007EED51 /* tab_shop_pre@2x.png */; };
		351262B01AD61407007EED51 /* tab_used car.png in Resources */ = {isa = PBXBuildFile; fileRef = 351262991AD61407007EED51 /* tab_used car.png */; };
		351262B11AD61407007EED51 /* tab_used car@2x.png in Resources */ = {isa = PBXBuildFile; fileRef = 3512629A1AD61407007EED51 /* tab_used car@2x.png */; };
		351262B21AD61407007EED51 /* tab_used car_pre.png in Resources */ = {isa = PBXBuildFile; fileRef = 3512629B1AD61407007EED51 /* tab_used car_pre.png */; };
		351262B31AD61407007EED51 /* tab_used car_pre@2x.png in Resources */ = {isa = PBXBuildFile; fileRef = 3512629C1AD61407007EED51 /* tab_used car_pre@2x.png */; };
		35A72CC11ACAA5B700F5D8D0 /* main.m in Sources */ = {isa = PBXBuildFile; fileRef = 35A72CC01ACAA5B700F5D8D0 /* main.m */; };
		35A72CC41ACAA5B700F5D8D0 /* AppDelegate.m in Sources */ = {isa = PBXBuildFile; fileRef = 35A72CC31ACAA5B700F5D8D0 /* AppDelegate.m */; };
		35A72CC71ACAA5B700F5D8D0 /* ViewController.m in Sources */ = {isa = PBXBuildFile; fileRef = 35A72CC61ACAA5B700F5D8D0 /* ViewController.m */; };
		35A72CCA1ACAA5B700F5D8D0 /* Main.storyboard in Resources */ = {isa = PBXBuildFile; fileRef = 35A72CC81ACAA5B700F5D8D0 /* Main.storyboard */; };
		35A72CCC1ACAA5B700F5D8D0 /* Images.xcassets in Resources */ = {isa = PBXBuildFile; fileRef = 35A72CCB1ACAA5B700F5D8D0 /* Images.xcassets */; };
		35A72CDB1ACAA5B700F5D8D0 /* XiRenTests.m in Sources */ = {isa = PBXBuildFile; fileRef = 35A72CDA1ACAA5B700F5D8D0 /* XiRenTests.m */; };
		35A72CE61ACAA69E00F5D8D0 /* HomeViewController.m in Sources */ = {isa = PBXBuildFile; fileRef = 35A72CE51ACAA69E00F5D8D0 /* HomeViewController.m */; };
		35A72CE91ACAA6B900F5D8D0 /* RadioViewController.m in Sources */ = {isa = PBXBuildFile; fileRef = 35A72CE81ACAA6B900F5D8D0 /* RadioViewController.m */; };
		35A72CEC1ACAA6C600F5D8D0 /* CarViewController.m in Sources */ = {isa = PBXBuildFile; fileRef = 35A72CEB1ACAA6C600F5D8D0 /* CarViewController.m */; };
		35A72CF01ACB8BB600F5D8D0 /* FoodViewController.m in Sources */ = {isa = PBXBuildFile; fileRef = 35A72CEF1ACB8BB600F5D8D0 /* FoodViewController.m */; };
		35A72CF31ACB8C1D00F5D8D0 /* MeViewController.m in Sources */ = {isa = PBXBuildFile; fileRef = 35A72CF21ACB8C1D00F5D8D0 /* MeViewController.m */; };
		35F3773F1AF21FF2008D54A8 /* list_head sculpture.png in Resources */ = {isa = PBXBuildFile; fileRef = 35F3773D1AF21FF2008D54A8 /* list_head sculpture.png */; };
		35F377401AF21FF2008D54A8 /* list_head sculpture@2x.png in Resources */ = {isa = PBXBuildFile; fileRef = 35F3773E1AF21FF2008D54A8 /* list_head sculpture@2x.png */; };
		35FCA2AB1AE0FF5300328986 /* ad in_nav_back.png in Resources */ = {isa = PBXBuildFile; fileRef = 35FCA2A91AE0FF5300328986 /* ad in_nav_back.png */; };
		35FCA2AC1AE0FF5300328986 /* ad in_nav_back@2x.png in Resources */ = {isa = PBXBuildFile; fileRef = 35FCA2AA1AE0FF5300328986 /* ad in_nav_back@2x.png */; };
		35FCE1D91AE6527400D40469 /* nav_home.png in Resources */ = {isa = PBXBuildFile; fileRef = 35FCE1D71AE6527400D40469 /* nav_home.png */; };
		35FCE1DA1AE6527400D40469 /* nav_home@2x.png in Resources */ = {isa = PBXBuildFile; fileRef = 35FCE1D81AE6527400D40469 /* nav_home@2x.png */; };
		E37FF23EB15DDC16243659C9 /* libPods.a in Frameworks */ = {isa = PBXBuildFile; fileRef = D6C162E039238DBBFBA9069C /* libPods.a */; };
/* End PBXBuildFile section */

/* Begin PBXContainerItemProxy section */
		35A72CD51ACAA5B700F5D8D0 /* PBXContainerItemProxy */ = {
			isa = PBXContainerItemProxy;
			containerPortal = 35A72CB31ACAA5B700F5D8D0 /* Project object */;
			proxyType = 1;
			remoteGlobalIDString = 35A72CBA1ACAA5B700F5D8D0;
			remoteInfo = XiRen;
		};
/* End PBXContainerItemProxy section */

/* Begin PBXFileReference section */
		02E97AC910BE29703C9D0E0C /* Pods.release.xcconfig */ = {isa = PBXFileReference; includeInIndex = 1; lastKnownFileType = text.xcconfig; name = Pods.release.xcconfig; path = "Pods/Target Support Files/Pods/Pods.release.xcconfig"; sourceTree = "<group>"; };
		067C70FBF34E97A0DD5A70CC /* Pods.debug.xcconfig */ = {isa = PBXFileReference; includeInIndex = 1; lastKnownFileType = text.xcconfig; name = Pods.debug.xcconfig; path = "Pods/Target Support Files/Pods/Pods.debug.xcconfig"; sourceTree = "<group>"; };
		1F06F7B91AFB5A7000961895 /* MBProgressHUD.h */ = {isa = PBXFileReference; fileEncoding = 4; lastKnownFileType = sourcecode.c.h; path = MBProgressHUD.h; sourceTree = "<group>"; };
		1F06F7BA1AFB5A7000961895 /* MBProgressHUD.m */ = {isa = PBXFileReference; fileEncoding = 4; lastKnownFileType = sourcecode.c.objc; path = MBProgressHUD.m; sourceTree = "<group>"; };
		1F164FEA1AF76679005FDA1F /* LoginViewController.h */ = {isa = PBXFileReference; fileEncoding = 4; lastKnownFileType = sourcecode.c.h; path = LoginViewController.h; sourceTree = "<group>"; };
		1F164FEB1AF76679005FDA1F /* LoginViewController.m */ = {isa = PBXFileReference; fileEncoding = 4; lastKnownFileType = sourcecode.c.objc; path = LoginViewController.m; sourceTree = "<group>"; };
		1FF3EC671B0044AD00F46E0B /* RegisterViewController.h */ = {isa = PBXFileReference; fileEncoding = 4; lastKnownFileType = sourcecode.c.h; path = RegisterViewController.h; sourceTree = "<group>"; };
		1FF3EC681B0044AD00F46E0B /* RegisterViewController.m */ = {isa = PBXFileReference; fileEncoding = 4; lastKnownFileType = sourcecode.c.objc; path = RegisterViewController.m; sourceTree = "<group>"; };
		1FFBA7811B01DEB800B6511F /* UserAgent.h */ = {isa = PBXFileReference; fileEncoding = 4; lastKnownFileType = sourcecode.c.h; path = UserAgent.h; sourceTree = "<group>"; };
		1FFBA7821B01DEB800B6511F /* UserAgent.m */ = {isa = PBXFileReference; fileEncoding = 4; lastKnownFileType = sourcecode.c.objc; path = UserAgent.m; sourceTree = "<group>"; };
		1FFBA7841B01E1C700B6511F /* PostSubjectViewController.h */ = {isa = PBXFileReference; fileEncoding = 4; lastKnownFileType = sourcecode.c.h; path = PostSubjectViewController.h; sourceTree = "<group>"; };
		1FFBA7851B01E1C700B6511F /* PostSubjectViewController.m */ = {isa = PBXFileReference; fileEncoding = 4; lastKnownFileType = sourcecode.c.objc; path = PostSubjectViewController.m; sourceTree = "<group>"; };
		351261EA1AD3E949007EED51 /* WebViewController.h */ = {isa = PBXFileReference; fileEncoding = 4; lastKnownFileType = sourcecode.c.h; path = WebViewController.h; sourceTree = "<group>"; };
		351261EB1AD3E949007EED51 /* WebViewController.m */ = {isa = PBXFileReference; fileEncoding = 4; lastKnownFileType = sourcecode.c.objc; path = WebViewController.m; sourceTree = "<group>"; };
		351262871AD61407007EED51 /* tab_bg.png */ = {isa = PBXFileReference; lastKnownFileType = image.png; path = tab_bg.png; sourceTree = "<group>"; };
		351262881AD61407007EED51 /* tab_bg@2x.png */ = {isa = PBXFileReference; lastKnownFileType = image.png; path = "tab_bg@2x.png"; sourceTree = "<group>"; };
		351262891AD61407007EED51 /* tab_home.png */ = {isa = PBXFileReference; lastKnownFileType = image.png; path = tab_home.png; sourceTree = "<group>"; };
		3512628A1AD61407007EED51 /* tab_home@2x.png */ = {isa = PBXFileReference; lastKnownFileType = image.png; path = "tab_home@2x.png"; sourceTree = "<group>"; };
		3512628B1AD61407007EED51 /* tab_home_pre.png */ = {isa = PBXFileReference; lastKnownFileType = image.png; path = tab_home_pre.png; sourceTree = "<group>"; };
		3512628C1AD61407007EED51 /* tab_home_pre@2x.png */ = {isa = PBXFileReference; lastKnownFileType = image.png; path = "tab_home_pre@2x.png"; sourceTree = "<group>"; };
		3512628D1AD61407007EED51 /* tab_lebo.png */ = {isa = PBXFileReference; lastKnownFileType = image.png; path = tab_lebo.png; sourceTree = "<group>"; };
		3512628E1AD61407007EED51 /* tab_lebo@2x.png */ = {isa = PBXFileReference; lastKnownFileType = image.png; path = "tab_lebo@2x.png"; sourceTree = "<group>"; };
		3512628F1AD61407007EED51 /* tab_lebo_pre.png */ = {isa = PBXFileReference; lastKnownFileType = image.png; path = tab_lebo_pre.png; sourceTree = "<group>"; };
		351262901AD61407007EED51 /* tab_lebo_pre@2x.png */ = {isa = PBXFileReference; lastKnownFileType = image.png; path = "tab_lebo_pre@2x.png"; sourceTree = "<group>"; };
		351262911AD61407007EED51 /* tab_set.png */ = {isa = PBXFileReference; lastKnownFileType = image.png; path = tab_set.png; sourceTree = "<group>"; };
		351262921AD61407007EED51 /* tab_set@2x.png */ = {isa = PBXFileReference; lastKnownFileType = image.png; path = "tab_set@2x.png"; sourceTree = "<group>"; };
		351262931AD61407007EED51 /* tab_set_pre.png */ = {isa = PBXFileReference; lastKnownFileType = image.png; path = tab_set_pre.png; sourceTree = "<group>"; };
		351262941AD61407007EED51 /* tab_set_pre@2x.png */ = {isa = PBXFileReference; lastKnownFileType = image.png; path = "tab_set_pre@2x.png"; sourceTree = "<group>"; };
		351262951AD61407007EED51 /* tab_shop.png */ = {isa = PBXFileReference; lastKnownFileType = image.png; path = tab_shop.png; sourceTree = "<group>"; };
		351262961AD61407007EED51 /* tab_shop@2x.png */ = {isa = PBXFileReference; lastKnownFileType = image.png; path = "tab_shop@2x.png"; sourceTree = "<group>"; };
		351262971AD61407007EED51 /* tab_shop_pre.png */ = {isa = PBXFileReference; lastKnownFileType = image.png; path = tab_shop_pre.png; sourceTree = "<group>"; };
		351262981AD61407007EED51 /* tab_shop_pre@2x.png */ = {isa = PBXFileReference; lastKnownFileType = image.png; path = "tab_shop_pre@2x.png"; sourceTree = "<group>"; };
		351262991AD61407007EED51 /* tab_used car.png */ = {isa = PBXFileReference; lastKnownFileType = image.png; path = "tab_used car.png"; sourceTree = "<group>"; };
		3512629A1AD61407007EED51 /* tab_used car@2x.png */ = {isa = PBXFileReference; lastKnownFileType = image.png; path = "tab_used car@2x.png"; sourceTree = "<group>"; };
		3512629B1AD61407007EED51 /* tab_used car_pre.png */ = {isa = PBXFileReference; lastKnownFileType = image.png; path = "tab_used car_pre.png"; sourceTree = "<group>"; };
		3512629C1AD61407007EED51 /* tab_used car_pre@2x.png */ = {isa = PBXFileReference; lastKnownFileType = image.png; path = "tab_used car_pre@2x.png"; sourceTree = "<group>"; };
		351262B51AD67A28007EED51 /* PrefixHeader.pch */ = {isa = PBXFileReference; lastKnownFileType = sourcecode.c.h; path = PrefixHeader.pch; sourceTree = "<group>"; };
		35A72CBB1ACAA5B700F5D8D0 /* XiRen.app */ = {isa = PBXFileReference; explicitFileType = wrapper.application; includeInIndex = 0; path = XiRen.app; sourceTree = BUILT_PRODUCTS_DIR; };
		35A72CBF1ACAA5B700F5D8D0 /* Info.plist */ = {isa = PBXFileReference; lastKnownFileType = text.plist.xml; path = Info.plist; sourceTree = "<group>"; };
		35A72CC01ACAA5B700F5D8D0 /* main.m */ = {isa = PBXFileReference; lastKnownFileType = sourcecode.c.objc; path = main.m; sourceTree = "<group>"; };
		35A72CC21ACAA5B700F5D8D0 /* AppDelegate.h */ = {isa = PBXFileReference; lastKnownFileType = sourcecode.c.h; path = AppDelegate.h; sourceTree = "<group>"; };
		35A72CC31ACAA5B700F5D8D0 /* AppDelegate.m */ = {isa = PBXFileReference; lastKnownFileType = sourcecode.c.objc; path = AppDelegate.m; sourceTree = "<group>"; };
		35A72CC51ACAA5B700F5D8D0 /* ViewController.h */ = {isa = PBXFileReference; lastKnownFileType = sourcecode.c.h; path = ViewController.h; sourceTree = "<group>"; };
		35A72CC61ACAA5B700F5D8D0 /* ViewController.m */ = {isa = PBXFileReference; lastKnownFileType = sourcecode.c.objc; path = ViewController.m; sourceTree = "<group>"; };
		35A72CC91ACAA5B700F5D8D0 /* Base */ = {isa = PBXFileReference; lastKnownFileType = file.storyboard; name = Base; path = Base.lproj/Main.storyboard; sourceTree = "<group>"; };
		35A72CCB1ACAA5B700F5D8D0 /* Images.xcassets */ = {isa = PBXFileReference; lastKnownFileType = folder.assetcatalog; path = Images.xcassets; sourceTree = "<group>"; };
		35A72CD41ACAA5B700F5D8D0 /* XiRenTests.xctest */ = {isa = PBXFileReference; explicitFileType = wrapper.cfbundle; includeInIndex = 0; path = XiRenTests.xctest; sourceTree = BUILT_PRODUCTS_DIR; };
		35A72CD91ACAA5B700F5D8D0 /* Info.plist */ = {isa = PBXFileReference; lastKnownFileType = text.plist.xml; path = Info.plist; sourceTree = "<group>"; };
		35A72CDA1ACAA5B700F5D8D0 /* XiRenTests.m */ = {isa = PBXFileReference; lastKnownFileType = sourcecode.c.objc; path = XiRenTests.m; sourceTree = "<group>"; };
		35A72CE41ACAA69E00F5D8D0 /* HomeViewController.h */ = {isa = PBXFileReference; fileEncoding = 4; lastKnownFileType = sourcecode.c.h; path = HomeViewController.h; sourceTree = "<group>"; };
		35A72CE51ACAA69E00F5D8D0 /* HomeViewController.m */ = {isa = PBXFileReference; fileEncoding = 4; lastKnownFileType = sourcecode.c.objc; path = HomeViewController.m; sourceTree = "<group>"; };
		35A72CE71ACAA6B900F5D8D0 /* RadioViewController.h */ = {isa = PBXFileReference; fileEncoding = 4; lastKnownFileType = sourcecode.c.h; path = RadioViewController.h; sourceTree = "<group>"; };
		35A72CE81ACAA6B900F5D8D0 /* RadioViewController.m */ = {isa = PBXFileReference; fileEncoding = 4; lastKnownFileType = sourcecode.c.objc; path = RadioViewController.m; sourceTree = "<group>"; };
		35A72CEA1ACAA6C600F5D8D0 /* CarViewController.h */ = {isa = PBXFileReference; fileEncoding = 4; lastKnownFileType = sourcecode.c.h; path = CarViewController.h; sourceTree = "<group>"; };
		35A72CEB1ACAA6C600F5D8D0 /* CarViewController.m */ = {isa = PBXFileReference; fileEncoding = 4; lastKnownFileType = sourcecode.c.objc; path = CarViewController.m; sourceTree = "<group>"; };
		35A72CEE1ACB8BB600F5D8D0 /* FoodViewController.h */ = {isa = PBXFileReference; fileEncoding = 4; lastKnownFileType = sourcecode.c.h; path = FoodViewController.h; sourceTree = "<group>"; };
		35A72CEF1ACB8BB600F5D8D0 /* FoodViewController.m */ = {isa = PBXFileReference; fileEncoding = 4; lastKnownFileType = sourcecode.c.objc; path = FoodViewController.m; sourceTree = "<group>"; };
		35A72CF11ACB8C1D00F5D8D0 /* MeViewController.h */ = {isa = PBXFileReference; fileEncoding = 4; lastKnownFileType = sourcecode.c.h; path = MeViewController.h; sourceTree = "<group>"; };
		35A72CF21ACB8C1D00F5D8D0 /* MeViewController.m */ = {isa = PBXFileReference; fileEncoding = 4; lastKnownFileType = sourcecode.c.objc; path = MeViewController.m; sourceTree = "<group>"; };
		35F3773D1AF21FF2008D54A8 /* list_head sculpture.png */ = {isa = PBXFileReference; lastKnownFileType = image.png; name = "list_head sculpture.png"; path = "NavigationItemes/list_head sculpture.png"; sourceTree = "<group>"; };
		35F3773E1AF21FF2008D54A8 /* list_head sculpture@2x.png */ = {isa = PBXFileReference; lastKnownFileType = image.png; name = "list_head sculpture@2x.png"; path = "NavigationItemes/list_head sculpture@2x.png"; sourceTree = "<group>"; };
		35FCA2A91AE0FF5300328986 /* ad in_nav_back.png */ = {isa = PBXFileReference; lastKnownFileType = image.png; path = "ad in_nav_back.png"; sourceTree = "<group>"; };
		35FCA2AA1AE0FF5300328986 /* ad in_nav_back@2x.png */ = {isa = PBXFileReference; lastKnownFileType = image.png; path = "ad in_nav_back@2x.png"; sourceTree = "<group>"; };
		35FCE1D71AE6527400D40469 /* nav_home.png */ = {isa = PBXFileReference; lastKnownFileType = image.png; path = nav_home.png; sourceTree = "<group>"; };
		35FCE1D81AE6527400D40469 /* nav_home@2x.png */ = {isa = PBXFileReference; lastKnownFileType = image.png; path = "nav_home@2x.png"; sourceTree = "<group>"; };
		D6C162E039238DBBFBA9069C /* libPods.a */ = {isa = PBXFileReference; explicitFileType = archive.ar; includeInIndex = 0; path = libPods.a; sourceTree = BUILT_PRODUCTS_DIR; };
/* End PBXFileReference section */

/* Begin PBXFrameworksBuildPhase section */
		35A72CB81ACAA5B700F5D8D0 /* Frameworks */ = {
			isa = PBXFrameworksBuildPhase;
			buildActionMask = 2147483647;
			files = (
				E37FF23EB15DDC16243659C9 /* libPods.a in Frameworks */,
			);
			runOnlyForDeploymentPostprocessing = 0;
		};
		35A72CD11ACAA5B700F5D8D0 /* Frameworks */ = {
			isa = PBXFrameworksBuildPhase;
			buildActionMask = 2147483647;
			files = (
			);
			runOnlyForDeploymentPostprocessing = 0;
		};
/* End PBXFrameworksBuildPhase section */

/* Begin PBXGroup section */
		351262861AD61407007EED51 /* TabBarItems */ = {
			isa = PBXGroup;
			children = (
				351262871AD61407007EED51 /* tab_bg.png */,
				351262881AD61407007EED51 /* tab_bg@2x.png */,
				351262891AD61407007EED51 /* tab_home.png */,
				3512628A1AD61407007EED51 /* tab_home@2x.png */,
				3512628B1AD61407007EED51 /* tab_home_pre.png */,
				3512628C1AD61407007EED51 /* tab_home_pre@2x.png */,
				3512628D1AD61407007EED51 /* tab_lebo.png */,
				3512628E1AD61407007EED51 /* tab_lebo@2x.png */,
				3512628F1AD61407007EED51 /* tab_lebo_pre.png */,
				351262901AD61407007EED51 /* tab_lebo_pre@2x.png */,
				351262911AD61407007EED51 /* tab_set.png */,
				351262921AD61407007EED51 /* tab_set@2x.png */,
				351262931AD61407007EED51 /* tab_set_pre.png */,
				351262941AD61407007EED51 /* tab_set_pre@2x.png */,
				351262951AD61407007EED51 /* tab_shop.png */,
				351262961AD61407007EED51 /* tab_shop@2x.png */,
				351262971AD61407007EED51 /* tab_shop_pre.png */,
				351262981AD61407007EED51 /* tab_shop_pre@2x.png */,
				351262991AD61407007EED51 /* tab_used car.png */,
				3512629A1AD61407007EED51 /* tab_used car@2x.png */,
				3512629B1AD61407007EED51 /* tab_used car_pre.png */,
				3512629C1AD61407007EED51 /* tab_used car_pre@2x.png */,
			);
			path = TabBarItems;
			sourceTree = "<group>";
		};
		35A72CB21ACAA5B700F5D8D0 = {
			isa = PBXGroup;
			children = (
				351262B51AD67A28007EED51 /* PrefixHeader.pch */,
				35A72CBD1ACAA5B700F5D8D0 /* XiRen */,
				35A72CD71ACAA5B700F5D8D0 /* XiRenTests */,
				35A72CBC1ACAA5B700F5D8D0 /* Products */,
				651A21A34EAB5C824927A3CA /* Pods */,
				CF8FAF19D89627C0BDA48E21 /* Frameworks */,
			);
			sourceTree = "<group>";
		};
		35A72CBC1ACAA5B700F5D8D0 /* Products */ = {
			isa = PBXGroup;
			children = (
				35A72CBB1ACAA5B700F5D8D0 /* XiRen.app */,
				35A72CD41ACAA5B700F5D8D0 /* XiRenTests.xctest */,
			);
			name = Products;
			sourceTree = "<group>";
		};
		35A72CBD1ACAA5B700F5D8D0 /* XiRen */ = {
			isa = PBXGroup;
			children = (
				35FCE1CF1AE62F3300D40469 /* UserController */,
				35A72CF41ACBC00100F5D8D0 /* DATA */,
				35A72CED1ACB8B7E00F5D8D0 /* XiRen_Model */,
				35A72CC21ACAA5B700F5D8D0 /* AppDelegate.h */,
				35A72CC31ACAA5B700F5D8D0 /* AppDelegate.m */,
				35A72CC51ACAA5B700F5D8D0 /* ViewController.h */,
				35A72CC61ACAA5B700F5D8D0 /* ViewController.m */,
				35A72CC81ACAA5B700F5D8D0 /* Main.storyboard */,
				35A72CCB1ACAA5B700F5D8D0 /* Images.xcassets */,
				35A72CBE1ACAA5B700F5D8D0 /* Supporting Files */,
			);
			path = XiRen;
			sourceTree = "<group>";
		};
		35A72CBE1ACAA5B700F5D8D0 /* Supporting Files */ = {
			isa = PBXGroup;
			children = (
				35F3773D1AF21FF2008D54A8 /* list_head sculpture.png */,
				35F3773E1AF21FF2008D54A8 /* list_head sculpture@2x.png */,
				35FCE1D61AE6527400D40469 /* NavigationItemes */,
				35FCA2A81AE0FF0F00328986 /* Content */,
				351262861AD61407007EED51 /* TabBarItems */,
				35A72CBF1ACAA5B700F5D8D0 /* Info.plist */,
				35A72CC01ACAA5B700F5D8D0 /* main.m */,
			);
			name = "Supporting Files";
			sourceTree = "<group>";
		};
		35A72CD71ACAA5B700F5D8D0 /* XiRenTests */ = {
			isa = PBXGroup;
			children = (
				35A72CDA1ACAA5B700F5D8D0 /* XiRenTests.m */,
				35A72CD81ACAA5B700F5D8D0 /* Supporting Files */,
			);
			path = XiRenTests;
			sourceTree = "<group>";
		};
		35A72CD81ACAA5B700F5D8D0 /* Supporting Files */ = {
			isa = PBXGroup;
			children = (
				35A72CD91ACAA5B700F5D8D0 /* Info.plist */,
			);
			name = "Supporting Files";
			sourceTree = "<group>";
		};
		35A72CED1ACB8B7E00F5D8D0 /* XiRen_Model */ = {
			isa = PBXGroup;
			children = (
				35A72CE41ACAA69E00F5D8D0 /* HomeViewController.h */,
				35A72CE51ACAA69E00F5D8D0 /* HomeViewController.m */,
				35A72CEA1ACAA6C600F5D8D0 /* CarViewController.h */,
				35A72CEB1ACAA6C600F5D8D0 /* CarViewController.m */,
				35A72CE71ACAA6B900F5D8D0 /* RadioViewController.h */,
				35A72CE81ACAA6B900F5D8D0 /* RadioViewController.m */,
				35A72CEE1ACB8BB600F5D8D0 /* FoodViewController.h */,
				35A72CEF1ACB8BB600F5D8D0 /* FoodViewController.m */,
				35A72CF11ACB8C1D00F5D8D0 /* MeViewController.h */,
				35A72CF21ACB8C1D00F5D8D0 /* MeViewController.m */,
				351261EA1AD3E949007EED51 /* WebViewController.h */,
				351261EB1AD3E949007EED51 /* WebViewController.m */,
			);
			name = XiRen_Model;
			sourceTree = "<group>";
		};
		35A72CF41ACBC00100F5D8D0 /* DATA */ = {
			isa = PBXGroup;
			children = (
				1FFBA7811B01DEB800B6511F /* UserAgent.h */,
				1FFBA7821B01DEB800B6511F /* UserAgent.m */,
			);
			name = DATA;
			sourceTree = "<group>";
		};
		35FCA2A81AE0FF0F00328986 /* Content */ = {
			isa = PBXGroup;
			children = (
				35FCA2A91AE0FF5300328986 /* ad in_nav_back.png */,
				35FCA2AA1AE0FF5300328986 /* ad in_nav_back@2x.png */,
			);
			name = Content;
			sourceTree = "<group>";
		};
		35FCE1CF1AE62F3300D40469 /* UserController */ = {
			isa = PBXGroup;
			children = (
				1F164FEA1AF76679005FDA1F /* LoginViewController.h */,
				1F164FEB1AF76679005FDA1F /* LoginViewController.m */,
				1FF3EC671B0044AD00F46E0B /* RegisterViewController.h */,
				1FF3EC681B0044AD00F46E0B /* RegisterViewController.m */,
				1FFBA7841B01E1C700B6511F /* PostSubjectViewController.h */,
				1FFBA7851B01E1C700B6511F /* PostSubjectViewController.m */,
			);
			name = UserController;
			sourceTree = "<group>";
		};
		35FCE1D61AE6527400D40469 /* NavigationItemes */ = {
			isa = PBXGroup;
			children = (
				35FCE1D71AE6527400D40469 /* nav_home.png */,
				35FCE1D81AE6527400D40469 /* nav_home@2x.png */,
			);
			path = NavigationItemes;
			sourceTree = "<group>";
		};
		651A21A34EAB5C824927A3CA /* Pods */ = {
			isa = PBXGroup;
			children = (
				1F06F7B91AFB5A7000961895 /* MBProgressHUD.h */,
				1F06F7BA1AFB5A7000961895 /* MBProgressHUD.m */,
				067C70FBF34E97A0DD5A70CC /* Pods.debug.xcconfig */,
				02E97AC910BE29703C9D0E0C /* Pods.release.xcconfig */,
			);
			name = Pods;
			sourceTree = "<group>";
		};
		CF8FAF19D89627C0BDA48E21 /* Frameworks */ = {
			isa = PBXGroup;
			children = (
				D6C162E039238DBBFBA9069C /* libPods.a */,
			);
			name = Frameworks;
			sourceTree = "<group>";
		};
/* End PBXGroup section */

/* Begin PBXNativeTarget section */
		35A72CBA1ACAA5B700F5D8D0 /* XiRen */ = {
			isa = PBXNativeTarget;
			buildConfigurationList = 35A72CDE1ACAA5B700F5D8D0 /* Build configuration list for PBXNativeTarget "XiRen" */;
			buildPhases = (
				A0B43CC3039379A5DF8F16B7 /* Check Pods Manifest.lock */,
				35A72CB71ACAA5B700F5D8D0 /* Sources */,
				35A72CB81ACAA5B700F5D8D0 /* Frameworks */,
				35A72CB91ACAA5B700F5D8D0 /* Resources */,
				3E806F97B8B6906BE81EB0BD /* Copy Pods Resources */,
			);
			buildRules = (
			);
			dependencies = (
			);
			name = XiRen;
			productName = XiRen;
			productReference = 35A72CBB1ACAA5B700F5D8D0 /* XiRen.app */;
			productType = "com.apple.product-type.application";
		};
		35A72CD31ACAA5B700F5D8D0 /* XiRenTests */ = {
			isa = PBXNativeTarget;
			buildConfigurationList = 35A72CE11ACAA5B700F5D8D0 /* Build configuration list for PBXNativeTarget "XiRenTests" */;
			buildPhases = (
				35A72CD01ACAA5B700F5D8D0 /* Sources */,
				35A72CD11ACAA5B700F5D8D0 /* Frameworks */,
				35A72CD21ACAA5B700F5D8D0 /* Resources */,
			);
			buildRules = (
			);
			dependencies = (
				35A72CD61ACAA5B700F5D8D0 /* PBXTargetDependency */,
			);
			name = XiRenTests;
			productName = XiRenTests;
			productReference = 35A72CD41ACAA5B700F5D8D0 /* XiRenTests.xctest */;
			productType = "com.apple.product-type.bundle.unit-test";
		};
/* End PBXNativeTarget section */

/* Begin PBXProject section */
		35A72CB31ACAA5B700F5D8D0 /* Project object */ = {
			isa = PBXProject;
			attributes = {
				LastUpgradeCheck = 0620;
				ORGANIZATIONNAME = zhuping;
				TargetAttributes = {
					35A72CBA1ACAA5B700F5D8D0 = {
						CreatedOnToolsVersion = 6.2;
						DevelopmentTeam = TEPB3LJJA6;
					};
					35A72CD31ACAA5B700F5D8D0 = {
						CreatedOnToolsVersion = 6.2;
						TestTargetID = 35A72CBA1ACAA5B700F5D8D0;
					};
				};
			};
			buildConfigurationList = 35A72CB61ACAA5B700F5D8D0 /* Build configuration list for PBXProject "XiRen" */;
			compatibilityVersion = "Xcode 3.2";
			developmentRegion = English;
			hasScannedForEncodings = 0;
			knownRegions = (
				en,
				Base,
			);
			mainGroup = 35A72CB21ACAA5B700F5D8D0;
			productRefGroup = 35A72CBC1ACAA5B700F5D8D0 /* Products */;
			projectDirPath = "";
			projectRoot = "";
			targets = (
				35A72CBA1ACAA5B700F5D8D0 /* XiRen */,
				35A72CD31ACAA5B700F5D8D0 /* XiRenTests */,
			);
		};
/* End PBXProject section */

/* Begin PBXResourcesBuildPhase section */
		35A72CB91ACAA5B700F5D8D0 /* Resources */ = {
			isa = PBXResourcesBuildPhase;
			buildActionMask = 2147483647;
			files = (
				35A72CCA1ACAA5B700F5D8D0 /* Main.storyboard in Resources */,
				351262A21AD61407007EED51 /* tab_home_pre.png in Resources */,
				351262A11AD61407007EED51 /* tab_home@2x.png in Resources */,
				351262B11AD61407007EED51 /* tab_used car@2x.png in Resources */,
				3512629F1AD61407007EED51 /* tab_bg@2x.png in Resources */,
				351262A01AD61407007EED51 /* tab_home.png in Resources */,
				35FCE1D91AE6527400D40469 /* nav_home.png in Resources */,
				351262B21AD61407007EED51 /* tab_used car_pre.png in Resources */,
				351262AC1AD61407007EED51 /* tab_shop.png in Resources */,
				35F3773F1AF21FF2008D54A8 /* list_head sculpture.png in Resources */,
				35F377401AF21FF2008D54A8 /* list_head sculpture@2x.png in Resources */,
				351262AF1AD61407007EED51 /* tab_shop_pre@2x.png in Resources */,
				351262A31AD61407007EED51 /* tab_home_pre@2x.png in Resources */,
				3512629E1AD61407007EED51 /* tab_bg.png in Resources */,
				351262AB1AD61407007EED51 /* tab_set_pre@2x.png in Resources */,
				351262A81AD61407007EED51 /* tab_set.png in Resources */,
				351262AD1AD61407007EED51 /* tab_shop@2x.png in Resources */,
				35FCA2AC1AE0FF5300328986 /* ad in_nav_back@2x.png in Resources */,
				351262AE1AD61407007EED51 /* tab_shop_pre.png in Resources */,
				351262B31AD61407007EED51 /* tab_used car_pre@2x.png in Resources */,
				35A72CCC1ACAA5B700F5D8D0 /* Images.xcassets in Resources */,
				351262A51AD61407007EED51 /* tab_lebo@2x.png in Resources */,
				351262A61AD61407007EED51 /* tab_lebo_pre.png in Resources */,
				351262B01AD61407007EED51 /* tab_used car.png in Resources */,
				351262A91AD61407007EED51 /* tab_set@2x.png in Resources */,
				351262A71AD61407007EED51 /* tab_lebo_pre@2x.png in Resources */,
				351262AA1AD61407007EED51 /* tab_set_pre.png in Resources */,
				35FCE1DA1AE6527400D40469 /* nav_home@2x.png in Resources */,
				351262A41AD61407007EED51 /* tab_lebo.png in Resources */,
				35FCA2AB1AE0FF5300328986 /* ad in_nav_back.png in Resources */,
			);
			runOnlyForDeploymentPostprocessing = 0;
		};
		35A72CD21ACAA5B700F5D8D0 /* Resources */ = {
			isa = PBXResourcesBuildPhase;
			buildActionMask = 2147483647;
			files = (
			);
			runOnlyForDeploymentPostprocessing = 0;
		};
/* End PBXResourcesBuildPhase section */

/* Begin PBXShellScriptBuildPhase section */
		3E806F97B8B6906BE81EB0BD /* Copy Pods Resources */ = {
			isa = PBXShellScriptBuildPhase;
			buildActionMask = 2147483647;
			files = (
			);
			inputPaths = (
			);
			name = "Copy Pods Resources";
			outputPaths = (
			);
			runOnlyForDeploymentPostprocessing = 0;
			shellPath = /bin/sh;
			shellScript = "\"${SRCROOT}/Pods/Target Support Files/Pods/Pods-resources.sh\"\n";
			showEnvVarsInLog = 0;
		};
		A0B43CC3039379A5DF8F16B7 /* Check Pods Manifest.lock */ = {
			isa = PBXShellScriptBuildPhase;
			buildActionMask = 2147483647;
			files = (
			);
			inputPaths = (
			);
			name = "Check Pods Manifest.lock";
			outputPaths = (
			);
			runOnlyForDeploymentPostprocessing = 0;
			shellPath = /bin/sh;
			shellScript = "diff \"${PODS_ROOT}/../Podfile.lock\" \"${PODS_ROOT}/Manifest.lock\" > /dev/null\nif [[ $? != 0 ]] ; then\n    cat << EOM\nerror: The sandbox is not in sync with the Podfile.lock. Run 'pod install' or update your CocoaPods installation.\nEOM\n    exit 1\nfi\n";
			showEnvVarsInLog = 0;
		};
/* End PBXShellScriptBuildPhase section */

/* Begin PBXSourcesBuildPhase section */
		35A72CB71ACAA5B700F5D8D0 /* Sources */ = {
			isa = PBXSourcesBuildPhase;
			buildActionMask = 2147483647;
			files = (
				35A72CC71ACAA5B700F5D8D0 /* ViewController.m in Sources */,
				35A72CEC1ACAA6C600F5D8D0 /* CarViewController.m in Sources */,
				35A72CC41ACAA5B700F5D8D0 /* AppDelegate.m in Sources */,
				35A72CC11ACAA5B700F5D8D0 /* main.m in Sources */,
				1F06F7BB1AFB5A7000961895 /* MBProgressHUD.m in Sources */,
				1FFBA7861B01E1C700B6511F /* PostSubjectViewController.m in Sources */,
				1FFBA7831B01DEB800B6511F /* UserAgent.m in Sources */,
				1F164FEC1AF76679005FDA1F /* LoginViewController.m in Sources */,
				351261EC1AD3E949007EED51 /* WebViewController.m in Sources */,
				1FF3EC691B0044AD00F46E0B /* RegisterViewController.m in Sources */,
				35A72CE91ACAA6B900F5D8D0 /* RadioViewController.m in Sources */,
				35A72CF01ACB8BB600F5D8D0 /* FoodViewController.m in Sources */,
				35A72CF31ACB8C1D00F5D8D0 /* MeViewController.m in Sources */,
				35A72CE61ACAA69E00F5D8D0 /* HomeViewController.m in Sources */,
			);
			runOnlyForDeploymentPostprocessing = 0;
		};
		35A72CD01ACAA5B700F5D8D0 /* Sources */ = {
			isa = PBXSourcesBuildPhase;
			buildActionMask = 2147483647;
			files = (
				35A72CDB1ACAA5B700F5D8D0 /* XiRenTests.m in Sources */,
			);
			runOnlyForDeploymentPostprocessing = 0;
		};
/* End PBXSourcesBuildPhase section */

/* Begin PBXTargetDependency section */
		35A72CD61ACAA5B700F5D8D0 /* PBXTargetDependency */ = {
			isa = PBXTargetDependency;
			target = 35A72CBA1ACAA5B700F5D8D0 /* XiRen */;
			targetProxy = 35A72CD51ACAA5B700F5D8D0 /* PBXContainerItemProxy */;
		};
/* End PBXTargetDependency section */

/* Begin PBXVariantGroup section */
		35A72CC81ACAA5B700F5D8D0 /* Main.storyboard */ = {
			isa = PBXVariantGroup;
			children = (
				35A72CC91ACAA5B700F5D8D0 /* Base */,
			);
			name = Main.storyboard;
			sourceTree = "<group>";
		};
/* End PBXVariantGroup section */

/* Begin XCBuildConfiguration section */
		35A72CDC1ACAA5B700F5D8D0 /* Debug */ = {
			isa = XCBuildConfiguration;
			buildSettings = {
				ALWAYS_SEARCH_USER_PATHS = NO;
				CLANG_CXX_LANGUAGE_STANDARD = "gnu++0x";
				CLANG_CXX_LIBRARY = "libc++";
				CLANG_ENABLE_MODULES = YES;
				CLANG_ENABLE_OBJC_ARC = YES;
				CLANG_WARN_BOOL_CONVERSION = YES;
				CLANG_WARN_CONSTANT_CONVERSION = YES;
				CLANG_WARN_DIRECT_OBJC_ISA_USAGE = YES_ERROR;
				CLANG_WARN_EMPTY_BODY = YES;
				CLANG_WARN_ENUM_CONVERSION = YES;
				CLANG_WARN_INT_CONVERSION = YES;
				CLANG_WARN_OBJC_ROOT_CLASS = YES_ERROR;
				CLANG_WARN_UNREACHABLE_CODE = YES;
				CLANG_WARN__DUPLICATE_METHOD_MATCH = YES;
				"CODE_SIGN_IDENTITY[sdk=iphoneos*]" = "iPhone Developer";
				COPY_PHASE_STRIP = NO;
				ENABLE_STRICT_OBJC_MSGSEND = YES;
				GCC_C_LANGUAGE_STANDARD = gnu99;
				GCC_DYNAMIC_NO_PIC = NO;
				GCC_OPTIMIZATION_LEVEL = 0;
				GCC_PREPROCESSOR_DEFINITIONS = (
					"DEBUG=1",
					"$(inherited)",
				);
				GCC_SYMBOLS_PRIVATE_EXTERN = NO;
				GCC_WARN_64_TO_32_BIT_CONVERSION = YES;
				GCC_WARN_ABOUT_RETURN_TYPE = YES_ERROR;
				GCC_WARN_UNDECLARED_SELECTOR = YES;
				GCC_WARN_UNINITIALIZED_AUTOS = YES_AGGRESSIVE;
				GCC_WARN_UNUSED_FUNCTION = YES;
				GCC_WARN_UNUSED_VARIABLE = YES;
				IPHONEOS_DEPLOYMENT_TARGET = 8.2;
				MTL_ENABLE_DEBUG_INFO = YES;
				ONLY_ACTIVE_ARCH = YES;
				SDKROOT = iphoneos;
			};
			name = Debug;
		};
		35A72CDD1ACAA5B700F5D8D0 /* Release */ = {
			isa = XCBuildConfiguration;
			buildSettings = {
				ALWAYS_SEARCH_USER_PATHS = NO;
				CLANG_CXX_LANGUAGE_STANDARD = "gnu++0x";
				CLANG_CXX_LIBRARY = "libc++";
				CLANG_ENABLE_MODULES = YES;
				CLANG_ENABLE_OBJC_ARC = YES;
				CLANG_WARN_BOOL_CONVERSION = YES;
				CLANG_WARN_CONSTANT_CONVERSION = YES;
				CLANG_WARN_DIRECT_OBJC_ISA_USAGE = YES_ERROR;
				CLANG_WARN_EMPTY_BODY = YES;
				CLANG_WARN_ENUM_CONVERSION = YES;
				CLANG_WARN_INT_CONVERSION = YES;
				CLANG_WARN_OBJC_ROOT_CLASS = YES_ERROR;
				CLANG_WARN_UNREACHABLE_CODE = YES;
				CLANG_WARN__DUPLICATE_METHOD_MATCH = YES;
				"CODE_SIGN_IDENTITY[sdk=iphoneos*]" = "iPhone Developer";
				COPY_PHASE_STRIP = NO;
				ENABLE_NS_ASSERTIONS = NO;
				ENABLE_STRICT_OBJC_MSGSEND = YES;
				GCC_C_LANGUAGE_STANDARD = gnu99;
				GCC_WARN_64_TO_32_BIT_CONVERSION = YES;
				GCC_WARN_ABOUT_RETURN_TYPE = YES_ERROR;
				GCC_WARN_UNDECLARED_SELECTOR = YES;
				GCC_WARN_UNINITIALIZED_AUTOS = YES_AGGRESSIVE;
				GCC_WARN_UNUSED_FUNCTION = YES;
				GCC_WARN_UNUSED_VARIABLE = YES;
				IPHONEOS_DEPLOYMENT_TARGET = 8.2;
				MTL_ENABLE_DEBUG_INFO = NO;
				SDKROOT = iphoneos;
				VALIDATE_PRODUCT = YES;
			};
			name = Release;
		};
		35A72CDF1ACAA5B700F5D8D0 /* Debug */ = {
			isa = XCBuildConfiguration;
			baseConfigurationReference = 067C70FBF34E97A0DD5A70CC /* Pods.debug.xcconfig */;
			buildSettings = {
				ASSETCATALOG_COMPILER_APPICON_NAME = AppIcon;
				ASSETCATALOG_COMPILER_LAUNCHIMAGE_NAME = LaunchImage;
				CODE_SIGN_IDENTITY = "iPhone Developer";
				"CODE_SIGN_IDENTITY[sdk=iphoneos*]" = "iPhone Developer";
				GCC_PRECOMPILE_PREFIX_HEADER = NO;
				GCC_PREFIX_HEADER = PrefixHeader.pch;
				INFOPLIST_FILE = XiRen/Info.plist;
				IPHONEOS_DEPLOYMENT_TARGET = 7.0;
				LD_RUNPATH_SEARCH_PATHS = "$(inherited) @executable_path/Frameworks";
				PRODUCT_NAME = "$(TARGET_NAME)";
				PROVISIONING_PROFILE = "";
			};
			name = Debug;
		};
		35A72CE01ACAA5B700F5D8D0 /* Release */ = {
			isa = XCBuildConfiguration;
			baseConfigurationReference = 02E97AC910BE29703C9D0E0C /* Pods.release.xcconfig */;
			buildSettings = {
				ASSETCATALOG_COMPILER_APPICON_NAME = AppIcon;
				ASSETCATALOG_COMPILER_LAUNCHIMAGE_NAME = LaunchImage;
				CODE_SIGN_IDENTITY = "iPhone Developer";
				"CODE_SIGN_IDENTITY[sdk=iphoneos*]" = "iPhone Developer";
				GCC_PRECOMPILE_PREFIX_HEADER = NO;
				GCC_PREFIX_HEADER = PrefixHeader.pch;
				INFOPLIST_FILE = XiRen/Info.plist;
				IPHONEOS_DEPLOYMENT_TARGET = 7.0;
				LD_RUNPATH_SEARCH_PATHS = "$(inherited) @executable_path/Frameworks";
				PRODUCT_NAME = "$(TARGET_NAME)";
				PROVISIONING_PROFILE = "";
			};
			name = Release;
		};
		35A72CE21ACAA5B700F5D8D0 /* Debug */ = {
			isa = XCBuildConfiguration;
			buildSettings = {
				BUNDLE_LOADER = "$(TEST_HOST)";
				FRAMEWORK_SEARCH_PATHS = (
					"$(SDKROOT)/Developer/Library/Frameworks",
					"$(inherited)",
				);
				GCC_PREPROCESSOR_DEFINITIONS = (
					"DEBUG=1",
					"$(inherited)",
				);
				INFOPLIST_FILE = XiRenTests/Info.plist;
				LD_RUNPATH_SEARCH_PATHS = "$(inherited) @executable_path/Frameworks @loader_path/Frameworks";
				PRODUCT_NAME = "$(TARGET_NAME)";
				TEST_HOST = "$(BUILT_PRODUCTS_DIR)/XiRen.app/XiRen";
			};
			name = Debug;
		};
		35A72CE31ACAA5B700F5D8D0 /* Release */ = {
			isa = XCBuildConfiguration;
			buildSettings = {
				BUNDLE_LOADER = "$(TEST_HOST)";
				FRAMEWORK_SEARCH_PATHS = (
					"$(SDKROOT)/Developer/Library/Frameworks",
					"$(inherited)",
				);
				INFOPLIST_FILE = XiRenTests/Info.plist;
				LD_RUNPATH_SEARCH_PATHS = "$(inherited) @executable_path/Frameworks @loader_path/Frameworks";
				PRODUCT_NAME = "$(TARGET_NAME)";
				TEST_HOST = "$(BUILT_PRODUCTS_DIR)/XiRen.app/XiRen";
			};
			name = Release;
		};
/* End XCBuildConfiguration section */

/* Begin XCConfigurationList section */
		35A72CB61ACAA5B700F5D8D0 /* Build configuration list for PBXProject "XiRen" */ = {
			isa = XCConfigurationList;
			buildConfigurations = (
				35A72CDC1ACAA5B700F5D8D0 /* Debug */,
				35A72CDD1ACAA5B700F5D8D0 /* Release */,
			);
			defaultConfigurationIsVisible = 0;
			defaultConfigurationName = Release;
		};
		35A72CDE1ACAA5B700F5D8D0 /* Build configuration list for PBXNativeTarget "XiRen" */ = {
			isa = XCConfigurationList;
			buildConfigurations = (
				35A72CDF1ACAA5B700F5D8D0 /* Debug */,
				35A72CE01ACAA5B700F5D8D0 /* Release */,
			);
			defaultConfigurationIsVisible = 0;
			defaultConfigurationName = Release;
		};
		35A72CE11ACAA5B700F5D8D0 /* Build configuration list for PBXNativeTarget "XiRenTests" */ = {
			isa = XCConfigurationList;
			buildConfigurations = (
				35A72CE21ACAA5B700F5D8D0 /* Debug */,
				35A72CE31ACAA5B700F5D8D0 /* Release */,
			);
			defaultConfigurationIsVisible = 0;
			defaultConfigurationName = Release;
		};
/* End XCConfigurationList section */
	};
	rootObject = 35A72CB31ACAA5B700F5D8D0 /* Project object */;
}
